
Microsoft Visual Studio Solution File, Format Version 12.00
# Visual Studio Version 17
VisualStudioVersion = 17.5.33530.505
MinimumVisualStudioVersion = 10.0.40219.1
Project("{FAE04EC0-301F-11D3-BF4B-00C04F79EFBC}") = "JCeflaVServicios_Web.Android", "JCeflaVServicios_Web.Android\JCeflaVServicios_Web.Android.csproj", "{51E9B454-8A13-47E9-AA5E-830174F22601}"
EndProject
Project("{FAE04EC0-301F-11D3-BF4B-00C04F79EFBC}") = "JCeflaVServicios_Web.iOS", "JCeflaVServicios_Web.iOS\JCeflaVServicios_Web.iOS.csproj", "{41AE0DAF-A1B3-4E8F-B2FB-A8CC9388C0C8}"
EndProject
Project("{FAE04EC0-301F-11D3-BF4B-00C04F79EFBC}") = "JCeflaVServicios_Web", "JCeflaVServicios_Web\JCeflaVServicios_Web.csproj", "{94A86836-4D6A-42D3-8297-3C595EDCEA17}"
EndProject
Global
	GlobalSection(SolutionConfigurationPlatforms) = preSolution
		Debug|Any CPU = Debug|Any CPU
		Debug|iPhone = Debug|iPhone
		Debug|iPhoneSimulator = Debug|iPhoneSimulator
		Release|Any CPU = Release|Any CPU
		Release|iPhone = Release|iPhone
		Release|iPhoneSimulator = Release|iPhoneSimulator
	EndGlobalSection
	GlobalSection(ProjectConfigurationPlatforms) = postSolution
		{51E9B454-8A13-47E9-AA5E-830174F22601}.Debug|Any CPU.ActiveCfg = Debug|Any CPU
		{51E9B454-8A13-47E9-AA5E-830174F22601}.Debug|Any CPU.Build.0 = Debug|Any CPU
		{51E9B454-8A13-47E9-AA5E-830174F22601}.Debug|Any CPU.Deploy.0 = Debug|Any CPU
		{51E9B454-8A13-47E9-AA5E-830174F22601}.Debug|iPhone.ActiveCfg = Debug|Any CPU
		{51E9B454-8A13-47E9-AA5E-830174F22601}.Debug|iPhone.Build.0 = Debug|Any CPU
		{51E9B454-8A13-47E9-AA5E-830174F22601}.Debug|iPhone.Deploy.0 = Debug|Any CPU
		{51E9B454-8A13-47E9-AA5E-830174F22601}.Debug|iPhoneSimulator.ActiveCfg = Debug|Any CPU
		{51E9B454-8A13-47E9-AA5E-830174F22601}.Debug|iPhoneSimulator.Build.0 = Debug|Any CPU
		{51E9B454-8A13-47E9-AA5E-830174F22601}.Debug|iPhoneSimulator.Deploy.0 = Debug|Any CPU
		{51E9B454-8A13-47E9-AA5E-830174F22601}.Release|Any CPU.ActiveCfg = Release|Any CPU
		{51E9B454-8A13-47E9-AA5E-830174F22601}.Release|Any CPU.Build.0 = Release|Any CPU
		{51E9B454-8A13-47E9-AA5E-830174F22601}.Release|Any CPU.Deploy.0 = Release|Any CPU
		{51E9B454-8A13-47E9-AA5E-830174F22601}.Release|iPhone.ActiveCfg = Release|Any CPU
		{51E9B454-8A13-47E9-AA5E-830174F22601}.Release|iPhone.Build.0 = Release|Any CPU
		{51E9B454-8A13-47E9-AA5E-830174F22601}.Release|iPhone.Deploy.0 = Release|Any CPU
		{51E9B454-8A13-47E9-AA5E-830174F22601}.Release|iPhoneSimulator.ActiveCfg = Release|Any CPU
		{51E9B454-8A13-47E9-AA5E-830174F22601}.Release|iPhoneSimulator.Build.0 = Release|Any CPU
		{51E9B454-8A13-47E9-AA5E-830174F22601}.Release|iPhoneSimulator.Deploy.0 = Release|Any CPU
		{41AE0DAF-A1B3-4E8F-B2FB-A8CC9388C0C8}.Debug|Any CPU.ActiveCfg = Debug|iPhone
		{41AE0DAF-A1B3-4E8F-B2FB-A8CC9388C0C8}.Debug|Any CPU.Build.0 = Debug|iPhone
		{41AE0DAF-A1B3-4E8F-B2FB-A8CC9388C0C8}.Debug|Any CPU.Deploy.0 = Debug|iPhone
		{41AE0DAF-A1B3-4E8F-B2FB-A8CC9388C0C8}.Debug|iPhone.ActiveCfg = Debug|iPhone
		{41AE0DAF-A1B3-4E8F-B2FB-A8CC9388C0C8}.Debug|iPhone.Build.0 = Debug|iPhone
		{41AE0DAF-A1B3-4E8F-B2FB-A8CC9388C0C8}.Debug|iPhone.Deploy.0 = Debug|iPhone
		{41AE0DAF-A1B3-4E8F-B2FB-A8CC9388C0C8}.Debug|iPhoneSimulator.ActiveCfg = Debug|iPhoneSimulator
		{41AE0DAF-A1B3-4E8F-B2FB-A8CC9388C0C8}.Debug|iPhoneSimulator.Build.0 = Debug|iPhoneSimulator
		{41AE0DAF-A1B3-4E8F-B2FB-A8CC9388C0C8}.Debug|iPhoneSimulator.Deploy.0 = Debug|iPhoneSimulator
		{41AE0DAF-A1B3-4E8F-B2FB-A8CC9388C0C8}.Release|Any CPU.ActiveCfg = Release|iPhoneSimulator
		{41AE0DAF-A1B3-4E8F-B2FB-A8CC9388C0C8}.Release|Any CPU.Build.0 = Release|iPhoneSimulator
		{41AE0DAF-A1B3-4E8F-B2FB-A8CC9388C0C8}.Release|Any CPU.Deploy.0 = Release|iPhoneSimulator
		{41AE0DAF-A1B3-4E8F-B2FB-A8CC9388C0C8}.Release|iPhone.ActiveCfg = Release|iPhone
		{41AE0DAF-A1B3-4E8F-B2FB-A8CC9388C0C8}.Release|iPhone.Build.0 = Release|iPhone
		{41AE0DAF-A1B3-4E8F-B2FB-A8CC9388C0C8}.Release|iPhone.Deploy.0 = Release|iPhone
		{41AE0DAF-A1B3-4E8F-B2FB-A8CC9388C0C8}.Release|iPhoneSimulator.ActiveCfg = Release|iPhoneSimulator
		{41AE0DAF-A1B3-4E8F-B2FB-A8CC9388C0C8}.Release|iPhoneSimulator.Build.0 = Release|iPhoneSimulator
		{41AE0DAF-A1B3-4E8F-B2FB-A8CC9388C0C8}.Release|iPhoneSimulator.Deploy.0 = Release|iPhoneSimulator
		{94A86836-4D6A-42D3-8297-3C595EDCEA17}.Debug|Any CPU.ActiveCfg = Debug|Any CPU
		{94A86836-4D6A-42D3-8297-3C595EDCEA17}.Debug|Any CPU.Build.0 = Debug|Any CPU
		{94A86836-4D6A-42D3-8297-3C595EDCEA17}.Debug|Any CPU.Deploy.0 = Debug|Any CPU
		{94A86836-4D6A-42D3-8297-3C595EDCEA17}.Debug|iPhone.ActiveCfg = Debug|Any CPU
		{94A86836-4D6A-42D3-8297-3C595EDCEA17}.Debug|iPhone.Build.0 = Debug|Any CPU
		{94A86836-4D6A-42D3-8297-3C595EDCEA17}.Debug|iPhone.Deploy.0 = Debug|Any CPU
		{94A86836-4D6A-42D3-8297-3C595EDCEA17}.Debug|iPhoneSimulator.ActiveCfg = Debug|Any CPU
		{94A86836-4D6A-42D3-8297-3C595EDCEA17}.Debug|iPhoneSimulator.Build.0 = Debug|Any CPU
		{94A86836-4D6A-42D3-8297-3C595EDCEA17}.Debug|iPhoneSimulator.Deploy.0 = Debug|Any CPU
		{94A86836-4D6A-42D3-8297-3C595EDCEA17}.Release|Any CPU.ActiveCfg = Release|Any CPU
		{94A86836-4D6A-42D3-8297-3C595EDCEA17}.Release|Any CPU.Build.0 = Release|Any CPU
		{94A86836-4D6A-42D3-8297-3C595EDCEA17}.Release|Any CPU.Deploy.0 = Release|Any CPU
		{94A86836-4D6A-42D3-8297-3C595EDCEA17}.Release|iPhone.ActiveCfg = Release|Any CPU
		{94A86836-4D6A-42D3-8297-3C595EDCEA17}.Release|iPhone.Build.0 = Release|Any CPU
		{94A86836-4D6A-42D3-8297-3C595EDCEA17}.Release|iPhone.Deploy.0 = Release|Any CPU
		{94A86836-4D6A-42D3-8297-3C595EDCEA17}.Release|iPhoneSimulator.ActiveCfg = Release|Any CPU
		{94A86836-4D6A-42D3-8297-3C595EDCEA17}.Release|iPhoneSimulator.Build.0 = Release|Any CPU
		{94A86836-4D6A-42D3-8297-3C595EDCEA17}.Release|iPhoneSimulator.Deploy.0 = Release|Any CPU
	EndGlobalSection
	GlobalSection(SolutionProperties) = preSolution
		HideSolutionNode = FALSE
	EndGlobalSection
	GlobalSection(ExtensibilityGlobals) = postSolution
		SolutionGuid = {93315408-66AA-4AB7-9D84-1BA50B9EA3B2}
	EndGlobalSection
EndGlobal
